PODS:
  - Appirater (1.0.3)
  - BlocksKit (1.8.2):
    - libffi
  - Colours (2.0)
  - FlatUIKit (1.1)
  - FontAwesomeIconFactory (1.1)
  - iTellAFriend (1.4.0)
  - KKPasscodeLock (0.1.5)
  - libffi (3.0.13)
  - ViewDeck (2.3.1)

DEPENDENCIES:
  - Appirater
  - BlocksKit
  - Colours (~> 2.0)
  - FlatUIKit
  - FontAwesomeIconFactory
  - iTellAFriend
  - KKPasscodeLock
  - ViewDeck

SPEC CHECKSUMS:
  Appirater: 1c146af7b0ef3e2114a17db2e185f94367f63a99
  BlocksKit: 7396526b0816734103f6133fbb1a520c8b04e80c
  Colours: db86d21666586908dee6f27f54d04bd81a67984a
  FlatUIKit: 3b15b582ffcfa4e392bedc4d3c5461f9b11c1cc2
  FontAwesomeIconFactory: cc484a5a3ca304e44d1cd6a30d84de55958fd4f7
  iTellAFriend: b2d7098d9f28b8f2edaab8b754ff181a8da6dfd3
  KKPasscodeLock: 5fb69da49d4163215e0405a482e152bec671586d
  libffi: d9cf374b6b464c3ea53b13219536fad3bfb06e84
  ViewDeck: 2cdc67c4b41a10cafc7556b982f028409e33604d

COCOAPODS: 0.19.1
