// !$*UTF8*$!
{
	archiveVersion = 1;
	classes = {
	};
	objectVersion = 46;
	objects = {

/* Begin PBXBuildFile section */
		184BD9D21766E44F000FCFE4 /* SchemeManager.m in Sources */ = {isa = PBXBuildFile; fileRef = 184BD9CD1766E44F000FCFE4 /* SchemeManager.m */; };
		184BD9D31766E44F000FCFE4 /* SchemeViewController.m in Sources */ = {isa = PBXBuildFile; fileRef = 184BD9CF1766E44F000FCFE4 /* SchemeViewController.m */; };
		184BD9D41766E44F000FCFE4 /* SettingViewController.m in Sources */ = {isa = PBXBuildFile; fileRef = 184BD9D11766E44F000FCFE4 /* SettingViewController.m */; };
		184BD9DC1766E481000FCFE4 /* QBFlatButton.m in Sources */ = {isa = PBXBuildFile; fileRef = 184BD9D71766E480000FCFE4 /* QBFlatButton.m */; };
		184BD9DD1766E481000FCFE4 /* libFlurry.a in Frameworks */ = {isa = PBXBuildFile; fileRef = 184BD9D91766E480000FCFE4 /* libFlurry.a */; };
		184BD9E11766EB7B000FCFE4 /* close.png in Resources */ = {isa = PBXBuildFile; fileRef = 184BD9E01766EB7B000FCFE4 /* close.png */; };
		184BD9E71766F046000FCFE4 /* MoreAppsViewController.m in Sources */ = {isa = PBXBuildFile; fileRef = 184BD9E61766F046000FCFE4 /* MoreAppsViewController.m */; };
		184BD9E91766F0F2000FCFE4 /* myApps.plist in Resources */ = {isa = PBXBuildFile; fileRef = 184BD9E81766F0F2000FCFE4 /* myApps.plist */; };
		184BD9F21766F115000FCFE4 /* ape.png in Resources */ = {isa = PBXBuildFile; fileRef = 184BD9EA1766F115000FCFE4 /* ape.png */; };
		184BD9F31766F115000FCFE4 /* menu.png in Resources */ = {isa = PBXBuildFile; fileRef = 184BD9EB1766F115000FCFE4 /* menu.png */; };
		184BD9F41766F115000FCFE4 /* note.png in Resources */ = {isa = PBXBuildFile; fileRef = 184BD9EC1766F115000FCFE4 /* note.png */; };
		184BD9F51766F115000FCFE4 /* noteplus.png in Resources */ = {isa = PBXBuildFile; fileRef = 184BD9ED1766F115000FCFE4 /* noteplus.png */; };
		184BD9F61766F115000FCFE4 /* oil.png in Resources */ = {isa = PBXBuildFile; fileRef = 184BD9EE1766F115000FCFE4 /* oil.png */; };
		184BD9F71766F115000FCFE4 /* search.png in Resources */ = {isa = PBXBuildFile; fileRef = 184BD9EF1766F115000FCFE4 /* search.png */; };
		184BD9F81766F115000FCFE4 /* sepia_icon.png in Resources */ = {isa = PBXBuildFile; fileRef = 184BD9F01766F115000FCFE4 /* sepia_icon.png */; };
		184BD9F91766F115000FCFE4 /* stickies.png in Resources */ = {isa = PBXBuildFile; fileRef = 184BD9F11766F115000FCFE4 /* stickies.png */; };
		184BD9FC1766F940000FCFE4 /* timercam.jpg in Resources */ = {isa = PBXBuildFile; fileRef = 184BD9FB1766F940000FCFE4 /* timercam.jpg */; };
		184BD9FE1766FAD1000FCFE4 /* password.png in Resources */ = {isa = PBXBuildFile; fileRef = 184BD9FD1766FAD1000FCFE4 /* password.png */; };
		184BDA001766FB86000FCFE4 /* artcam.png in Resources */ = {isa = PBXBuildFile; fileRef = 184BD9FF1766FB86000FCFE4 /* artcam.png */; };
		184BDA021766FC7C000FCFE4 /* toon.png in Resources */ = {isa = PBXBuildFile; fileRef = 184BDA011766FC7C000FCFE4 /* toon.png */; };
		184BDA041766FCB9000FCFE4 /* nose.png in Resources */ = {isa = PBXBuildFile; fileRef = 184BDA031766FCB9000FCFE4 /* nose.png */; };
		1898AE0F176576A800834C14 /* UIKit.framework in Frameworks */ = {isa = PBXBuildFile; fileRef = 1898AE0E176576A800834C14 /* UIKit.framework */; };
		1898AE11176576A800834C14 /* Foundation.framework in Frameworks */ = {isa = PBXBuildFile; fileRef = 1898AE10176576A800834C14 /* Foundation.framework */; };
		1898AE13176576A800834C14 /* CoreGraphics.framework in Frameworks */ = {isa = PBXBuildFile; fileRef = 1898AE12176576A800834C14 /* CoreGraphics.framework */; };
		1898AE19176576A800834C14 /* InfoPlist.strings in Resources */ = {isa = PBXBuildFile; fileRef = 1898AE17176576A800834C14 /* InfoPlist.strings */; };
		1898AE1B176576A800834C14 /* main.m in Sources */ = {isa = PBXBuildFile; fileRef = 1898AE1A176576A800834C14 /* main.m */; };
		1898AE1F176576A800834C14 /* AppDelegate.m in Sources */ = {isa = PBXBuildFile; fileRef = 1898AE1E176576A800834C14 /* AppDelegate.m */; };
		1898AE21176576A800834C14 /* Default.png in Resources */ = {isa = PBXBuildFile; fileRef = 1898AE20176576A800834C14 /* Default.png */; };
		1898AE23176576A800834C14 /* Default@2x.png in Resources */ = {isa = PBXBuildFile; fileRef = 1898AE22176576A800834C14 /* Default@2x.png */; };
		1898AE25176576A800834C14 /* Default-568h@2x.png in Resources */ = {isa = PBXBuildFile; fileRef = 1898AE24176576A800834C14 /* Default-568h@2x.png */; };
		1898AE28176576A800834C14 /* MainStoryboard.storyboard in Resources */ = {isa = PBXBuildFile; fileRef = 1898AE26176576A800834C14 /* MainStoryboard.storyboard */; };
		1898AE33176577CE00834C14 /* MyFavoriteViewController.m in Sources */ = {isa = PBXBuildFile; fileRef = 1898AE32176577CE00834C14 /* MyFavoriteViewController.m */; };
		1898AE3517658CED00834C14 /* AddressBookUI.framework in Frameworks */ = {isa = PBXBuildFile; fileRef = 1898AE3417658CED00834C14 /* AddressBookUI.framework */; };
		1898AE3717658CF500834C14 /* AddressBook.framework in Frameworks */ = {isa = PBXBuildFile; fileRef = 1898AE3617658CF500834C14 /* AddressBook.framework */; };
		1898AE391765ADAB00834C14 /* delete.png in Resources */ = {isa = PBXBuildFile; fileRef = 1898AE381765ADAB00834C14 /* delete.png */; };
		38428C9126A34E3593D1F616 /* libPods.a in Frameworks */ = {isa = PBXBuildFile; fileRef = 93DA812BD6074D8D835CD20E /* libPods.a */; };
/* End PBXBuildFile section */

/* Begin PBXFileReference section */
		184BD9CC1766E44F000FCFE4 /* SchemeManager.h */ = {isa = PBXFileReference; fileEncoding = 4; lastKnownFileType = sourcecode.c.h; path = SchemeManager.h; sourceTree = "<group>"; };
		184BD9CD1766E44F000FCFE4 /* SchemeManager.m */ = {isa = PBXFileReference; fileEncoding = 4; lastKnownFileType = sourcecode.c.objc; path = SchemeManager.m; sourceTree = "<group>"; };
		184BD9CE1766E44F000FCFE4 /* SchemeViewController.h */ = {isa = PBXFileReference; fileEncoding = 4; lastKnownFileType = sourcecode.c.h; path = SchemeViewController.h; sourceTree = "<group>"; };
		184BD9CF1766E44F000FCFE4 /* SchemeViewController.m */ = {isa = PBXFileReference; fileEncoding = 4; lastKnownFileType = sourcecode.c.objc; path = SchemeViewController.m; sourceTree = "<group>"; };
		184BD9D01766E44F000FCFE4 /* SettingViewController.h */ = {isa = PBXFileReference; fileEncoding = 4; lastKnownFileType = sourcecode.c.h; path = SettingViewController.h; sourceTree = "<group>"; };
		184BD9D11766E44F000FCFE4 /* SettingViewController.m */ = {isa = PBXFileReference; fileEncoding = 4; lastKnownFileType = sourcecode.c.objc; path = SettingViewController.m; sourceTree = "<group>"; };
		184BD9D61766E480000FCFE4 /* QBFlatButton.h */ = {isa = PBXFileReference; fileEncoding = 4; lastKnownFileType = sourcecode.c.h; path = QBFlatButton.h; sourceTree = "<group>"; };
		184BD9D71766E480000FCFE4 /* QBFlatButton.m */ = {isa = PBXFileReference; fileEncoding = 4; lastKnownFileType = sourcecode.c.objc; path = QBFlatButton.m; sourceTree = "<group>"; };
		184BD9D81766E480000FCFE4 /* Flurry.h */ = {isa = PBXFileReference; fileEncoding = 4; lastKnownFileType = sourcecode.c.h; path = Flurry.h; sourceTree = "<group>"; };
		184BD9D91766E480000FCFE4 /* libFlurry.a */ = {isa = PBXFileReference; lastKnownFileType = archive.ar; path = libFlurry.a; sourceTree = "<group>"; };
		184BD9E01766EB7B000FCFE4 /* close.png */ = {isa = PBXFileReference; lastKnownFileType = image.png; path = close.png; sourceTree = "<group>"; };
		184BD9E51766F046000FCFE4 /* MoreAppsViewController.h */ = {isa = PBXFileReference; fileEncoding = 4; lastKnownFileType = sourcecode.c.h; path = MoreAppsViewController.h; sourceTree = "<group>"; };
		184BD9E61766F046000FCFE4 /* MoreAppsViewController.m */ = {isa = PBXFileReference; fileEncoding = 4; lastKnownFileType = sourcecode.c.objc; path = MoreAppsViewController.m; sourceTree = "<group>"; };
		184BD9E81766F0F2000FCFE4 /* myApps.plist */ = {isa = PBXFileReference; fileEncoding = 4; lastKnownFileType = text.plist.xml; path = myApps.plist; sourceTree = "<group>"; };
		184BD9EA1766F115000FCFE4 /* ape.png */ = {isa = PBXFileReference; lastKnownFileType = image.png; path = ape.png; sourceTree = "<group>"; };
		184BD9EB1766F115000FCFE4 /* menu.png */ = {isa = PBXFileReference; lastKnownFileType = image.png; path = menu.png; sourceTree = "<group>"; };
		184BD9EC1766F115000FCFE4 /* note.png */ = {isa = PBXFileReference; lastKnownFileType = image.png; path = note.png; sourceTree = "<group>"; };
		184BD9ED1766F115000FCFE4 /* noteplus.png */ = {isa = PBXFileReference; lastKnownFileType = image.png; path = noteplus.png; sourceTree = "<group>"; };
		184BD9EE1766F115000FCFE4 /* oil.png */ = {isa = PBXFileReference; lastKnownFileType = image.png; path = oil.png; sourceTree = "<group>"; };
		184BD9EF1766F115000FCFE4 /* search.png */ = {isa = PBXFileReference; lastKnownFileType = image.png; path = search.png; sourceTree = "<group>"; };
		184BD9F01766F115000FCFE4 /* sepia_icon.png */ = {isa = PBXFileReference; lastKnownFileType = image.png; path = sepia_icon.png; sourceTree = "<group>"; };
		184BD9F11766F115000FCFE4 /* stickies.png */ = {isa = PBXFileReference; lastKnownFileType = image.png; path = stickies.png; sourceTree = "<group>"; };
		184BD9FB1766F940000FCFE4 /* timercam.jpg */ = {isa = PBXFileReference; lastKnownFileType = image.jpeg; path = timercam.jpg; sourceTree = "<group>"; };
		184BD9FD1766FAD1000FCFE4 /* password.png */ = {isa = PBXFileReference; lastKnownFileType = image.png; path = password.png; sourceTree = "<group>"; };
		184BD9FF1766FB86000FCFE4 /* artcam.png */ = {isa = PBXFileReference; lastKnownFileType = image.png; path = artcam.png; sourceTree = "<group>"; };
		184BDA011766FC7C000FCFE4 /* toon.png */ = {isa = PBXFileReference; lastKnownFileType = image.png; path = toon.png; sourceTree = "<group>"; };
		184BDA031766FCB9000FCFE4 /* nose.png */ = {isa = PBXFileReference; lastKnownFileType = image.png; path = nose.png; sourceTree = "<group>"; };
		1898AE0B176576A800834C14 /* InstaCall.app */ = {isa = PBXFileReference; explicitFileType = wrapper.application; includeInIndex = 0; path = InstaCall.app; sourceTree = BUILT_PRODUCTS_DIR; };
		1898AE0E176576A800834C14 /* UIKit.framework */ = {isa = PBXFileReference; lastKnownFileType = wrapper.framework; name = UIKit.framework; path = System/Library/Frameworks/UIKit.framework; sourceTree = SDKROOT; };
		1898AE10176576A800834C14 /* Foundation.framework */ = {isa = PBXFileReference; lastKnownFileType = wrapper.framework; name = Foundation.framework; path = System/Library/Frameworks/Foundation.framework; sourceTree = SDKROOT; };
		1898AE12176576A800834C14 /* CoreGraphics.framework */ = {isa = PBXFileReference; lastKnownFileType = wrapper.framework; name = CoreGraphics.framework; path = System/Library/Frameworks/CoreGraphics.framework; sourceTree = SDKROOT; };
		1898AE16176576A800834C14 /* InstaCall-Info.plist */ = {isa = PBXFileReference; lastKnownFileType = text.plist.xml; path = "InstaCall-Info.plist"; sourceTree = "<group>"; };
		1898AE18176576A800834C14 /* en */ = {isa = PBXFileReference; lastKnownFileType = text.plist.strings; name = en; path = en.lproj/InfoPlist.strings; sourceTree = "<group>"; };
		1898AE1A176576A800834C14 /* main.m */ = {isa = PBXFileReference; lastKnownFileType = sourcecode.c.objc; path = main.m; sourceTree = "<group>"; };
		1898AE1C176576A800834C14 /* InstaCall-Prefix.pch */ = {isa = PBXFileReference; lastKnownFileType = sourcecode.c.h; path = "InstaCall-Prefix.pch"; sourceTree = "<group>"; };
		1898AE1D176576A800834C14 /* AppDelegate.h */ = {isa = PBXFileReference; lastKnownFileType = sourcecode.c.h; path = AppDelegate.h; sourceTree = "<group>"; };
		1898AE1E176576A800834C14 /* AppDelegate.m */ = {isa = PBXFileReference; lastKnownFileType = sourcecode.c.objc; path = AppDelegate.m; sourceTree = "<group>"; };
		1898AE20176576A800834C14 /* Default.png */ = {isa = PBXFileReference; lastKnownFileType = image.png; path = Default.png; sourceTree = "<group>"; };
		1898AE22176576A800834C14 /* Default@2x.png */ = {isa = PBXFileReference; lastKnownFileType = image.png; path = "Default@2x.png"; sourceTree = "<group>"; };
		1898AE24176576A800834C14 /* Default-568h@2x.png */ = {isa = PBXFileReference; lastKnownFileType = image.png; path = "Default-568h@2x.png"; sourceTree = "<group>"; };
		1898AE27176576A800834C14 /* en */ = {isa = PBXFileReference; lastKnownFileType = file.storyboard; name = en; path = en.lproj/MainStoryboard.storyboard; sourceTree = "<group>"; };
		1898AE31176577CE00834C14 /* MyFavoriteViewController.h */ = {isa = PBXFileReference; fileEncoding = 4; lastKnownFileType = sourcecode.c.h; path = MyFavoriteViewController.h; sourceTree = "<group>"; };
		1898AE32176577CE00834C14 /* MyFavoriteViewController.m */ = {isa = PBXFileReference; fileEncoding = 4; lastKnownFileType = sourcecode.c.objc; path = MyFavoriteViewController.m; sourceTree = "<group>"; };
		1898AE3417658CED00834C14 /* AddressBookUI.framework */ = {isa = PBXFileReference; lastKnownFileType = wrapper.framework; name = AddressBookUI.framework; path = System/Library/Frameworks/AddressBookUI.framework; sourceTree = SDKROOT; };
		1898AE3617658CF500834C14 /* AddressBook.framework */ = {isa = PBXFileReference; lastKnownFileType = wrapper.framework; name = AddressBook.framework; path = System/Library/Frameworks/AddressBook.framework; sourceTree = SDKROOT; };
		1898AE381765ADAB00834C14 /* delete.png */ = {isa = PBXFileReference; lastKnownFileType = image.png; path = delete.png; sourceTree = "<group>"; };
		93DA812BD6074D8D835CD20E /* libPods.a */ = {isa = PBXFileReference; explicitFileType = archive.ar; includeInIndex = 0; path = libPods.a; sourceTree = BUILT_PRODUCTS_DIR; };
		DDD019BCBFD54E12982528A0 /* Pods.xcconfig */ = {isa = PBXFileReference; includeInIndex = 1; lastKnownFileType = text.xcconfig; name = Pods.xcconfig; path = Pods/Pods.xcconfig; sourceTree = SOURCE_ROOT; };
/* End PBXFileReference section */

/* Begin PBXFrameworksBuildPhase section */
		1898AE08176576A800834C14 /* Frameworks */ = {
			isa = PBXFrameworksBuildPhase;
			buildActionMask = 2147483647;
			files = (
				1898AE3717658CF500834C14 /* AddressBook.framework in Frameworks */,
				1898AE3517658CED00834C14 /* AddressBookUI.framework in Frameworks */,
				1898AE0F176576A800834C14 /* UIKit.framework in Frameworks */,
				1898AE11176576A800834C14 /* Foundation.framework in Frameworks */,
				1898AE13176576A800834C14 /* CoreGraphics.framework in Frameworks */,
				38428C9126A34E3593D1F616 /* libPods.a in Frameworks */,
				184BD9DD1766E481000FCFE4 /* libFlurry.a in Frameworks */,
			);
			runOnlyForDeploymentPostprocessing = 0;
		};
/* End PBXFrameworksBuildPhase section */

/* Begin PBXGroup section */
		184BD9D51766E45F000FCFE4 /* Setting */ = {
			isa = PBXGroup;
			children = (
				184BD9CC1766E44F000FCFE4 /* SchemeManager.h */,
				184BD9CD1766E44F000FCFE4 /* SchemeManager.m */,
				184BD9CE1766E44F000FCFE4 /* SchemeViewController.h */,
				184BD9CF1766E44F000FCFE4 /* SchemeViewController.m */,
				184BD9D01766E44F000FCFE4 /* SettingViewController.h */,
				184BD9D11766E44F000FCFE4 /* SettingViewController.m */,
				184BD9E51766F046000FCFE4 /* MoreAppsViewController.h */,
				184BD9E61766F046000FCFE4 /* MoreAppsViewController.m */,
			);
			name = Setting;
			path = TestCollectionView;
			sourceTree = "<group>";
		};
		184BD9DF1766E488000FCFE4 /* Common */ = {
			isa = PBXGroup;
			children = (
				184BD9D51766E45F000FCFE4 /* Setting */,
				184BD9D61766E480000FCFE4 /* QBFlatButton.h */,
				184BD9D71766E480000FCFE4 /* QBFlatButton.m */,
				184BD9D81766E480000FCFE4 /* Flurry.h */,
				184BD9D91766E480000FCFE4 /* libFlurry.a */,
			);
			name = Common;
			sourceTree = "<group>";
		};
		184BD9FA1766F11D000FCFE4 /* myapps */ = {
			isa = PBXGroup;
			children = (
				184BD9FB1766F940000FCFE4 /* timercam.jpg */,
				184BD9E81766F0F2000FCFE4 /* myApps.plist */,
				184BD9FD1766FAD1000FCFE4 /* password.png */,
				184BD9FF1766FB86000FCFE4 /* artcam.png */,
				184BD9EA1766F115000FCFE4 /* ape.png */,
				184BDA031766FCB9000FCFE4 /* nose.png */,
				184BDA011766FC7C000FCFE4 /* toon.png */,
				184BD9EB1766F115000FCFE4 /* menu.png */,
				184BD9EC1766F115000FCFE4 /* note.png */,
				184BD9ED1766F115000FCFE4 /* noteplus.png */,
				184BD9EE1766F115000FCFE4 /* oil.png */,
				184BD9EF1766F115000FCFE4 /* search.png */,
				184BD9F01766F115000FCFE4 /* sepia_icon.png */,
				184BD9F11766F115000FCFE4 /* stickies.png */,
			);
			name = myapps;
			sourceTree = "<group>";
		};
		1898AE02176576A800834C14 = {
			isa = PBXGroup;
			children = (
				184BD9DF1766E488000FCFE4 /* Common */,
				1898AE14176576A800834C14 /* TestCollectionView */,
				1898AE0D176576A800834C14 /* Frameworks */,
				1898AE0C176576A800834C14 /* Products */,
				DDD019BCBFD54E12982528A0 /* Pods.xcconfig */,
			);
			sourceTree = "<group>";
		};
		1898AE0C176576A800834C14 /* Products */ = {
			isa = PBXGroup;
			children = (
				1898AE0B176576A800834C14 /* InstaCall.app */,
			);
			name = Products;
			sourceTree = "<group>";
		};
		1898AE0D176576A800834C14 /* Frameworks */ = {
			isa = PBXGroup;
			children = (
				1898AE3617658CF500834C14 /* AddressBook.framework */,
				1898AE3417658CED00834C14 /* AddressBookUI.framework */,
				1898AE0E176576A800834C14 /* UIKit.framework */,
				1898AE10176576A800834C14 /* Foundation.framework */,
				1898AE12176576A800834C14 /* CoreGraphics.framework */,
				93DA812BD6074D8D835CD20E /* libPods.a */,
			);
			name = Frameworks;
			sourceTree = "<group>";
		};
		1898AE14176576A800834C14 /* TestCollectionView */ = {
			isa = PBXGroup;
			children = (
				1898AE1D176576A800834C14 /* AppDelegate.h */,
				1898AE1E176576A800834C14 /* AppDelegate.m */,
				1898AE26176576A800834C14 /* MainStoryboard.storyboard */,
				1898AE15176576A800834C14 /* Supporting Files */,
				1898AE31176577CE00834C14 /* MyFavoriteViewController.h */,
				1898AE32176577CE00834C14 /* MyFavoriteViewController.m */,
			);
			path = TestCollectionView;
			sourceTree = "<group>";
		};
		1898AE15176576A800834C14 /* Supporting Files */ = {
			isa = PBXGroup;
			children = (
				184BD9FA1766F11D000FCFE4 /* myapps */,
				1898AE381765ADAB00834C14 /* delete.png */,
				184BD9E01766EB7B000FCFE4 /* close.png */,
				1898AE16176576A800834C14 /* InstaCall-Info.plist */,
				1898AE17176576A800834C14 /* InfoPlist.strings */,
				1898AE1A176576A800834C14 /* main.m */,
				1898AE1C176576A800834C14 /* InstaCall-Prefix.pch */,
				1898AE20176576A800834C14 /* Default.png */,
				1898AE22176576A800834C14 /* Default@2x.png */,
				1898AE24176576A800834C14 /* Default-568h@2x.png */,
			);
			name = "Supporting Files";
			sourceTree = "<group>";
		};
/* End PBXGroup section */

/* Begin PBXNativeTarget section */
		1898AE0A176576A800834C14 /* InstaCall */ = {
			isa = PBXNativeTarget;
			buildConfigurationList = 1898AE2E176576A800834C14 /* Build configuration list for PBXNativeTarget "InstaCall" */;
			buildPhases = (
				BF69CDB2D8B84644BBDF3AB9 /* Check Pods Manifest.lock */,
				1898AE07176576A800834C14 /* Sources */,
				1898AE08176576A800834C14 /* Frameworks */,
				1898AE09176576A800834C14 /* Resources */,
				CC6720D5EB7C40D28433A5A9 /* Copy Pods Resources */,
			);
			buildRules = (
			);
			dependencies = (
			);
			name = InstaCall;
			productName = TestCollectionView;
			productReference = 1898AE0B176576A800834C14 /* InstaCall.app */;
			productType = "com.apple.product-type.application";
		};
/* End PBXNativeTarget section */

/* Begin PBXProject section */
		1898AE03176576A800834C14 /* Project object */ = {
			isa = PBXProject;
			attributes = {
				LastUpgradeCheck = 0460;
				ORGANIZATIONNAME = DFA;
			};
			buildConfigurationList = 1898AE06176576A800834C14 /* Build configuration list for PBXProject "InstaCall" */;
			compatibilityVersion = "Xcode 3.2";
			developmentRegion = English;
			hasScannedForEncodings = 0;
			knownRegions = (
				en,
			);
			mainGroup = 1898AE02176576A800834C14;
			productRefGroup = 1898AE0C176576A800834C14 /* Products */;
			projectDirPath = "";
			projectRoot = "";
			targets = (
				1898AE0A176576A800834C14 /* InstaCall */,
			);
		};
/* End PBXProject section */

/* Begin PBXResourcesBuildPhase section */
		1898AE09176576A800834C14 /* Resources */ = {
			isa = PBXResourcesBuildPhase;
			buildActionMask = 2147483647;
			files = (
				1898AE19176576A800834C14 /* InfoPlist.strings in Resources */,
				1898AE21176576A800834C14 /* Default.png in Resources */,
				1898AE23176576A800834C14 /* Default@2x.png in Resources */,
				1898AE25176576A800834C14 /* Default-568h@2x.png in Resources */,
				1898AE28176576A800834C14 /* MainStoryboard.storyboard in Resources */,
				1898AE391765ADAB00834C14 /* delete.png in Resources */,
				184BD9E11766EB7B000FCFE4 /* close.png in Resources */,
				184BD9E91766F0F2000FCFE4 /* myApps.plist in Resources */,
				184BD9F21766F115000FCFE4 /* ape.png in Resources */,
				184BD9F31766F115000FCFE4 /* menu.png in Resources */,
				184BD9F41766F115000FCFE4 /* note.png in Resources */,
				184BD9F51766F115000FCFE4 /* noteplus.png in Resources */,
				184BD9F61766F115000FCFE4 /* oil.png in Resources */,
				184BD9F71766F115000FCFE4 /* search.png in Resources */,
				184BD9F81766F115000FCFE4 /* sepia_icon.png in Resources */,
				184BD9F91766F115000FCFE4 /* stickies.png in Resources */,
				184BD9FC1766F940000FCFE4 /* timercam.jpg in Resources */,
				184BD9FE1766FAD1000FCFE4 /* password.png in Resources */,
				184BDA001766FB86000FCFE4 /* artcam.png in Resources */,
				184BDA021766FC7C000FCFE4 /* toon.png in Resources */,
				184BDA041766FCB9000FCFE4 /* nose.png in Resources */,
			);
			runOnlyForDeploymentPostprocessing = 0;
		};
/* End PBXResourcesBuildPhase section */

/* Begin PBXShellScriptBuildPhase section */
		BF69CDB2D8B84644BBDF3AB9 /* Check Pods Manifest.lock */ = {
			isa = PBXShellScriptBuildPhase;
			buildActionMask = 2147483647;
			files = (
			);
			inputPaths = (
			);
			name = "Check Pods Manifest.lock";
			outputPaths = (
			);
			runOnlyForDeploymentPostprocessing = 0;
			shellPath = /bin/sh;
			shellScript = "diff \"${PODS_ROOT}/../Podfile.lock\" \"${PODS_ROOT}/Manifest.lock\" > /dev/null\nif [[ $? != 0 ]] ; then\n    cat << EOM\nerror: The sandbox is not in sync with the Podfile.lock. Run 'pod install' or update your CocoaPods installation.\nEOM\n    exit 1\nfi\n";
		};
		CC6720D5EB7C40D28433A5A9 /* Copy Pods Resources */ = {
			isa = PBXShellScriptBuildPhase;
			buildActionMask = 2147483647;
			files = (
			);
			inputPaths = (
			);
			name = "Copy Pods Resources";
			outputPaths = (
			);
			runOnlyForDeploymentPostprocessing = 0;
			shellPath = /bin/sh;
			shellScript = "\"${SRCROOT}/Pods/Pods-resources.sh\"\n";
		};
/* End PBXShellScriptBuildPhase section */

/* Begin PBXSourcesBuildPhase section */
		1898AE07176576A800834C14 /* Sources */ = {
			isa = PBXSourcesBuildPhase;
			buildActionMask = 2147483647;
			files = (
				1898AE1B176576A800834C14 /* main.m in Sources */,
				1898AE1F176576A800834C14 /* AppDelegate.m in Sources */,
				1898AE33176577CE00834C14 /* MyFavoriteViewController.m in Sources */,
				184BD9D21766E44F000FCFE4 /* SchemeManager.m in Sources */,
				184BD9D31766E44F000FCFE4 /* SchemeViewController.m in Sources */,
				184BD9D41766E44F000FCFE4 /* SettingViewController.m in Sources */,
				184BD9DC1766E481000FCFE4 /* QBFlatButton.m in Sources */,
				184BD9E71766F046000FCFE4 /* MoreAppsViewController.m in Sources */,
			);
			runOnlyForDeploymentPostprocessing = 0;
		};
/* End PBXSourcesBuildPhase section */

/* Begin PBXVariantGroup section */
		1898AE17176576A800834C14 /* InfoPlist.strings */ = {
			isa = PBXVariantGroup;
			children = (
				1898AE18176576A800834C14 /* en */,
			);
			name = InfoPlist.strings;
			sourceTree = "<group>";
		};
		1898AE26176576A800834C14 /* MainStoryboard.storyboard */ = {
			isa = PBXVariantGroup;
			children = (
				1898AE27176576A800834C14 /* en */,
			);
			name = MainStoryboard.storyboard;
			sourceTree = "<group>";
		};
/* End PBXVariantGroup section */

/* Begin XCBuildConfiguration section */
		1898AE2C176576A800834C14 /* Debug */ = {
			isa = XCBuildConfiguration;
			buildSettings = {
				ALWAYS_SEARCH_USER_PATHS = NO;
				CLANG_CXX_LANGUAGE_STANDARD = "gnu++0x";
				CLANG_CXX_LIBRARY = "libc++";
				CLANG_ENABLE_OBJC_ARC = YES;
				CLANG_WARN_CONSTANT_CONVERSION = YES;
				CLANG_WARN_EMPTY_BODY = YES;
				CLANG_WARN_ENUM_CONVERSION = YES;
				CLANG_WARN_INT_CONVERSION = YES;
				CLANG_WARN__DUPLICATE_METHOD_MATCH = YES;
				"CODE_SIGN_IDENTITY[sdk=iphoneos*]" = "iPhone Developer";
				COPY_PHASE_STRIP = NO;
				GCC_C_LANGUAGE_STANDARD = gnu99;
				GCC_DYNAMIC_NO_PIC = NO;
				GCC_OPTIMIZATION_LEVEL = 0;
				GCC_PREPROCESSOR_DEFINITIONS = (
					"DEBUG=1",
					"$(inherited)",
				);
				GCC_SYMBOLS_PRIVATE_EXTERN = NO;
				GCC_WARN_ABOUT_RETURN_TYPE = YES;
				GCC_WARN_UNINITIALIZED_AUTOS = YES;
				GCC_WARN_UNUSED_VARIABLE = YES;
				IPHONEOS_DEPLOYMENT_TARGET = 6.1;
				ONLY_ACTIVE_ARCH = YES;
				SDKROOT = iphoneos;
			};
			name = Debug;
		};
		1898AE2D176576A800834C14 /* Release */ = {
			isa = XCBuildConfiguration;
			buildSettings = {
				ALWAYS_SEARCH_USER_PATHS = NO;
				CLANG_CXX_LANGUAGE_STANDARD = "gnu++0x";
				CLANG_CXX_LIBRARY = "libc++";
				CLANG_ENABLE_OBJC_ARC = YES;
				CLANG_WARN_CONSTANT_CONVERSION = YES;
				CLANG_WARN_EMPTY_BODY = YES;
				CLANG_WARN_ENUM_CONVERSION = YES;
				CLANG_WARN_INT_CONVERSION = YES;
				CLANG_WARN__DUPLICATE_METHOD_MATCH = YES;
				"CODE_SIGN_IDENTITY[sdk=iphoneos*]" = "iPhone Developer";
				COPY_PHASE_STRIP = YES;
				GCC_C_LANGUAGE_STANDARD = gnu99;
				GCC_WARN_ABOUT_RETURN_TYPE = YES;
				GCC_WARN_UNINITIALIZED_AUTOS = YES;
				GCC_WARN_UNUSED_VARIABLE = YES;
				IPHONEOS_DEPLOYMENT_TARGET = 6.1;
				OTHER_CFLAGS = "-DNS_BLOCK_ASSERTIONS=1";
				SDKROOT = iphoneos;
				VALIDATE_PRODUCT = YES;
			};
			name = Release;
		};
		1898AE2F176576A800834C14 /* Debug */ = {
			isa = XCBuildConfiguration;
			baseConfigurationReference = DDD019BCBFD54E12982528A0 /* Pods.xcconfig */;
			buildSettings = {
				GCC_PRECOMPILE_PREFIX_HEADER = YES;
				GCC_PREFIX_HEADER = "TestCollectionView/InstaCall-Prefix.pch";
				INFOPLIST_FILE = "TestCollectionView/InstaCall-Info.plist";
				LIBRARY_SEARCH_PATHS = (
					"$(inherited)",
					"\"$(SRCROOT)\"",
				);
				PRODUCT_NAME = "$(TARGET_NAME)";
				WRAPPER_EXTENSION = app;
			};
			name = Debug;
		};
		1898AE30176576A800834C14 /* Release */ = {
			isa = XCBuildConfiguration;
			baseConfigurationReference = DDD019BCBFD54E12982528A0 /* Pods.xcconfig */;
			buildSettings = {
				GCC_PRECOMPILE_PREFIX_HEADER = YES;
				GCC_PREFIX_HEADER = "TestCollectionView/InstaCall-Prefix.pch";
				INFOPLIST_FILE = "TestCollectionView/InstaCall-Info.plist";
				LIBRARY_SEARCH_PATHS = (
					"$(inherited)",
					"\"$(SRCROOT)\"",
				);
				PRODUCT_NAME = "$(TARGET_NAME)";
				WRAPPER_EXTENSION = app;
			};
			name = Release;
		};
/* End XCBuildConfiguration section */

/* Begin XCConfigurationList section */
		1898AE06176576A800834C14 /* Build configuration list for PBXProject "InstaCall" */ = {
			isa = XCConfigurationList;
			buildConfigurations = (
				1898AE2C176576A800834C14 /* Debug */,
				1898AE2D176576A800834C14 /* Release */,
			);
			defaultConfigurationIsVisible = 0;
			defaultConfigurationName = Release;
		};
		1898AE2E176576A800834C14 /* Build configuration list for PBXNativeTarget "InstaCall" */ = {
			isa = XCConfigurationList;
			buildConfigurations = (
				1898AE2F176576A800834C14 /* Debug */,
				1898AE30176576A800834C14 /* Release */,
			);
			defaultConfigurationIsVisible = 0;
			defaultConfigurationName = Release;
		};
/* End XCConfigurationList section */
	};
	rootObject = 1898AE03176576A800834C14 /* Project object */;
}
