<?xml version="1.0" encoding="UTF-8"?>
<!DOCTYPE plist PUBLIC "-//Apple//DTD PLIST 1.0//EN" "http://www.apple.com/DTDs/PropertyList-1.0.dtd">
<plist version="1.0">
<dict>
	<key>archiveVersion</key>
	<string>1</string>
	<key>classes</key>
	<dict/>
	<key>objectVersion</key>
	<string>46</string>
	<key>objects</key>
	<dict>
		<key>1898AE02176576A800834C14</key>
		<dict>
			<key>children</key>
			<array>
				<string>1898AE3617658CF500834C14</string>
				<string>1898AE3417658CED00834C14</string>
				<string>1898AE14176576A800834C14</string>
				<string>1898AE0D176576A800834C14</string>
				<string>1898AE0C176576A800834C14</string>
				<string>DDD019BCBFD54E12982528A0</string>
			</array>
			<key>isa</key>
			<string>PBXGroup</string>
			<key>sourceTree</key>
			<string>&lt;group&gt;</string>
		</dict>
		<key>1898AE03176576A800834C14</key>
		<dict>
			<key>attributes</key>
			<dict>
				<key>LastUpgradeCheck</key>
				<string>0460</string>
				<key>ORGANIZATIONNAME</key>
				<string>DFA</string>
			</dict>
			<key>buildConfigurationList</key>
			<string>1898AE06176576A800834C14</string>
			<key>compatibilityVersion</key>
			<string>Xcode 3.2</string>
			<key>developmentRegion</key>
			<string>English</string>
			<key>hasScannedForEncodings</key>
			<string>0</string>
			<key>isa</key>
			<string>PBXProject</string>
			<key>knownRegions</key>
			<array>
				<string>en</string>
			</array>
			<key>mainGroup</key>
			<string>1898AE02176576A800834C14</string>
			<key>productRefGroup</key>
			<string>1898AE0C176576A800834C14</string>
			<key>projectDirPath</key>
			<string></string>
			<key>projectReferences</key>
			<array/>
			<key>projectRoot</key>
			<string></string>
			<key>targets</key>
			<array>
				<string>1898AE0A176576A800834C14</string>
			</array>
		</dict>
		<key>1898AE06176576A800834C14</key>
		<dict>
			<key>buildConfigurations</key>
			<array>
				<string>1898AE2C176576A800834C14</string>
				<string>1898AE2D176576A800834C14</string>
			</array>
			<key>defaultConfigurationIsVisible</key>
			<string>0</string>
			<key>defaultConfigurationName</key>
			<string>Release</string>
			<key>isa</key>
			<string>XCConfigurationList</string>
		</dict>
		<key>1898AE07176576A800834C14</key>
		<dict>
			<key>buildActionMask</key>
			<string>2147483647</string>
			<key>files</key>
			<array>
				<string>1898AE1B176576A800834C14</string>
				<string>1898AE1F176576A800834C14</string>
				<string>1898AE33176577CE00834C14</string>
			</array>
			<key>isa</key>
			<string>PBXSourcesBuildPhase</string>
			<key>runOnlyForDeploymentPostprocessing</key>
			<string>0</string>
		</dict>
		<key>1898AE08176576A800834C14</key>
		<dict>
			<key>buildActionMask</key>
			<string>2147483647</string>
			<key>files</key>
			<array>
				<string>1898AE3717658CF500834C14</string>
				<string>1898AE3517658CED00834C14</string>
				<string>1898AE0F176576A800834C14</string>
				<string>1898AE11176576A800834C14</string>
				<string>1898AE13176576A800834C14</string>
				<string>38428C9126A34E3593D1F616</string>
			</array>
			<key>isa</key>
			<string>PBXFrameworksBuildPhase</string>
			<key>runOnlyForDeploymentPostprocessing</key>
			<string>0</string>
		</dict>
		<key>1898AE09176576A800834C14</key>
		<dict>
			<key>buildActionMask</key>
			<string>2147483647</string>
			<key>files</key>
			<array>
				<string>1898AE19176576A800834C14</string>
				<string>1898AE21176576A800834C14</string>
				<string>1898AE23176576A800834C14</string>
				<string>1898AE25176576A800834C14</string>
				<string>1898AE28176576A800834C14</string>
				<string>1898AE391765ADAB00834C14</string>
			</array>
			<key>isa</key>
			<string>PBXResourcesBuildPhase</string>
			<key>runOnlyForDeploymentPostprocessing</key>
			<string>0</string>
		</dict>
		<key>1898AE0A176576A800834C14</key>
		<dict>
			<key>buildConfigurationList</key>
			<string>1898AE2E176576A800834C14</string>
			<key>buildPhases</key>
			<array>
				<string>BF69CDB2D8B84644BBDF3AB9</string>
				<string>1898AE07176576A800834C14</string>
				<string>1898AE08176576A800834C14</string>
				<string>1898AE09176576A800834C14</string>
				<string>CC6720D5EB7C40D28433A5A9</string>
			</array>
			<key>buildRules</key>
			<array/>
			<key>dependencies</key>
			<array/>
			<key>isa</key>
			<string>PBXNativeTarget</string>
			<key>name</key>
			<string>InstaCall</string>
			<key>productName</key>
			<string>TestCollectionView</string>
			<key>productReference</key>
			<string>1898AE0B176576A800834C14</string>
			<key>productType</key>
			<string>com.apple.product-type.application</string>
		</dict>
		<key>1898AE0B176576A800834C14</key>
		<dict>
			<key>explicitFileType</key>
			<string>wrapper.application</string>
			<key>includeInIndex</key>
			<string>0</string>
			<key>isa</key>
			<string>PBXFileReference</string>
			<key>path</key>
			<string>InstaCall.app</string>
			<key>sourceTree</key>
			<string>BUILT_PRODUCTS_DIR</string>
		</dict>
		<key>1898AE0C176576A800834C14</key>
		<dict>
			<key>children</key>
			<array>
				<string>1898AE0B176576A800834C14</string>
			</array>
			<key>isa</key>
			<string>PBXGroup</string>
			<key>name</key>
			<string>Products</string>
			<key>sourceTree</key>
			<string>&lt;group&gt;</string>
		</dict>
		<key>1898AE0D176576A800834C14</key>
		<dict>
			<key>children</key>
			<array>
				<string>1898AE0E176576A800834C14</string>
				<string>1898AE10176576A800834C14</string>
				<string>1898AE12176576A800834C14</string>
				<string>93DA812BD6074D8D835CD20E</string>
			</array>
			<key>isa</key>
			<string>PBXGroup</string>
			<key>name</key>
			<string>Frameworks</string>
			<key>sourceTree</key>
			<string>&lt;group&gt;</string>
		</dict>
		<key>1898AE0E176576A800834C14</key>
		<dict>
			<key>isa</key>
			<string>PBXFileReference</string>
			<key>lastKnownFileType</key>
			<string>wrapper.framework</string>
			<key>name</key>
			<string>UIKit.framework</string>
			<key>path</key>
			<string>System/Library/Frameworks/UIKit.framework</string>
			<key>sourceTree</key>
			<string>SDKROOT</string>
		</dict>
		<key>1898AE0F176576A800834C14</key>
		<dict>
			<key>fileRef</key>
			<string>1898AE0E176576A800834C14</string>
			<key>isa</key>
			<string>PBXBuildFile</string>
		</dict>
		<key>1898AE10176576A800834C14</key>
		<dict>
			<key>isa</key>
			<string>PBXFileReference</string>
			<key>lastKnownFileType</key>
			<string>wrapper.framework</string>
			<key>name</key>
			<string>Foundation.framework</string>
			<key>path</key>
			<string>System/Library/Frameworks/Foundation.framework</string>
			<key>sourceTree</key>
			<string>SDKROOT</string>
		</dict>
		<key>1898AE11176576A800834C14</key>
		<dict>
			<key>fileRef</key>
			<string>1898AE10176576A800834C14</string>
			<key>isa</key>
			<string>PBXBuildFile</string>
		</dict>
		<key>1898AE12176576A800834C14</key>
		<dict>
			<key>isa</key>
			<string>PBXFileReference</string>
			<key>lastKnownFileType</key>
			<string>wrapper.framework</string>
			<key>name</key>
			<string>CoreGraphics.framework</string>
			<key>path</key>
			<string>System/Library/Frameworks/CoreGraphics.framework</string>
			<key>sourceTree</key>
			<string>SDKROOT</string>
		</dict>
		<key>1898AE13176576A800834C14</key>
		<dict>
			<key>fileRef</key>
			<string>1898AE12176576A800834C14</string>
			<key>isa</key>
			<string>PBXBuildFile</string>
		</dict>
		<key>1898AE14176576A800834C14</key>
		<dict>
			<key>children</key>
			<array>
				<string>1898AE1D176576A800834C14</string>
				<string>1898AE1E176576A800834C14</string>
				<string>1898AE26176576A800834C14</string>
				<string>1898AE15176576A800834C14</string>
				<string>1898AE31176577CE00834C14</string>
				<string>1898AE32176577CE00834C14</string>
			</array>
			<key>isa</key>
			<string>PBXGroup</string>
			<key>path</key>
			<string>TestCollectionView</string>
			<key>sourceTree</key>
			<string>&lt;group&gt;</string>
		</dict>
		<key>1898AE15176576A800834C14</key>
		<dict>
			<key>children</key>
			<array>
				<string>1898AE381765ADAB00834C14</string>
				<string>1898AE16176576A800834C14</string>
				<string>1898AE17176576A800834C14</string>
				<string>1898AE1A176576A800834C14</string>
				<string>1898AE1C176576A800834C14</string>
				<string>1898AE20176576A800834C14</string>
				<string>1898AE22176576A800834C14</string>
				<string>1898AE24176576A800834C14</string>
			</array>
			<key>isa</key>
			<string>PBXGroup</string>
			<key>name</key>
			<string>Supporting Files</string>
			<key>sourceTree</key>
			<string>&lt;group&gt;</string>
		</dict>
		<key>1898AE16176576A800834C14</key>
		<dict>
			<key>isa</key>
			<string>PBXFileReference</string>
			<key>lastKnownFileType</key>
			<string>text.plist.xml</string>
			<key>path</key>
			<string>InstaCall-Info.plist</string>
			<key>sourceTree</key>
			<string>&lt;group&gt;</string>
		</dict>
		<key>1898AE17176576A800834C14</key>
		<dict>
			<key>children</key>
			<array>
				<string>1898AE18176576A800834C14</string>
			</array>
			<key>isa</key>
			<string>PBXVariantGroup</string>
			<key>name</key>
			<string>InfoPlist.strings</string>
			<key>sourceTree</key>
			<string>&lt;group&gt;</string>
		</dict>
		<key>1898AE18176576A800834C14</key>
		<dict>
			<key>isa</key>
			<string>PBXFileReference</string>
			<key>lastKnownFileType</key>
			<string>text.plist.strings</string>
			<key>name</key>
			<string>en</string>
			<key>path</key>
			<string>en.lproj/InfoPlist.strings</string>
			<key>sourceTree</key>
			<string>&lt;group&gt;</string>
		</dict>
		<key>1898AE19176576A800834C14</key>
		<dict>
			<key>fileRef</key>
			<string>1898AE17176576A800834C14</string>
			<key>isa</key>
			<string>PBXBuildFile</string>
		</dict>
		<key>1898AE1A176576A800834C14</key>
		<dict>
			<key>isa</key>
			<string>PBXFileReference</string>
			<key>lastKnownFileType</key>
			<string>sourcecode.c.objc</string>
			<key>path</key>
			<string>main.m</string>
			<key>sourceTree</key>
			<string>&lt;group&gt;</string>
		</dict>
		<key>1898AE1B176576A800834C14</key>
		<dict>
			<key>fileRef</key>
			<string>1898AE1A176576A800834C14</string>
			<key>isa</key>
			<string>PBXBuildFile</string>
		</dict>
		<key>1898AE1C176576A800834C14</key>
		<dict>
			<key>isa</key>
			<string>PBXFileReference</string>
			<key>lastKnownFileType</key>
			<string>sourcecode.c.h</string>
			<key>path</key>
			<string>InstaCall-Prefix.pch</string>
			<key>sourceTree</key>
			<string>&lt;group&gt;</string>
		</dict>
		<key>1898AE1D176576A800834C14</key>
		<dict>
			<key>isa</key>
			<string>PBXFileReference</string>
			<key>lastKnownFileType</key>
			<string>sourcecode.c.h</string>
			<key>path</key>
			<string>AppDelegate.h</string>
			<key>sourceTree</key>
			<string>&lt;group&gt;</string>
		</dict>
		<key>1898AE1E176576A800834C14</key>
		<dict>
			<key>isa</key>
			<string>PBXFileReference</string>
			<key>lastKnownFileType</key>
			<string>sourcecode.c.objc</string>
			<key>path</key>
			<string>AppDelegate.m</string>
			<key>sourceTree</key>
			<string>&lt;group&gt;</string>
		</dict>
		<key>1898AE1F176576A800834C14</key>
		<dict>
			<key>fileRef</key>
			<string>1898AE1E176576A800834C14</string>
			<key>isa</key>
			<string>PBXBuildFile</string>
		</dict>
		<key>1898AE20176576A800834C14</key>
		<dict>
			<key>isa</key>
			<string>PBXFileReference</string>
			<key>lastKnownFileType</key>
			<string>image.png</string>
			<key>path</key>
			<string>Default.png</string>
			<key>sourceTree</key>
			<string>&lt;group&gt;</string>
		</dict>
		<key>1898AE21176576A800834C14</key>
		<dict>
			<key>fileRef</key>
			<string>1898AE20176576A800834C14</string>
			<key>isa</key>
			<string>PBXBuildFile</string>
		</dict>
		<key>1898AE22176576A800834C14</key>
		<dict>
			<key>isa</key>
			<string>PBXFileReference</string>
			<key>lastKnownFileType</key>
			<string>image.png</string>
			<key>path</key>
			<string>Default@2x.png</string>
			<key>sourceTree</key>
			<string>&lt;group&gt;</string>
		</dict>
		<key>1898AE23176576A800834C14</key>
		<dict>
			<key>fileRef</key>
			<string>1898AE22176576A800834C14</string>
			<key>isa</key>
			<string>PBXBuildFile</string>
		</dict>
		<key>1898AE24176576A800834C14</key>
		<dict>
			<key>isa</key>
			<string>PBXFileReference</string>
			<key>lastKnownFileType</key>
			<string>image.png</string>
			<key>path</key>
			<string>Default-568h@2x.png</string>
			<key>sourceTree</key>
			<string>&lt;group&gt;</string>
		</dict>
		<key>1898AE25176576A800834C14</key>
		<dict>
			<key>fileRef</key>
			<string>1898AE24176576A800834C14</string>
			<key>isa</key>
			<string>PBXBuildFile</string>
		</dict>
		<key>1898AE26176576A800834C14</key>
		<dict>
			<key>children</key>
			<array>
				<string>1898AE27176576A800834C14</string>
			</array>
			<key>isa</key>
			<string>PBXVariantGroup</string>
			<key>name</key>
			<string>MainStoryboard.storyboard</string>
			<key>sourceTree</key>
			<string>&lt;group&gt;</string>
		</dict>
		<key>1898AE27176576A800834C14</key>
		<dict>
			<key>isa</key>
			<string>PBXFileReference</string>
			<key>lastKnownFileType</key>
			<string>file.storyboard</string>
			<key>name</key>
			<string>en</string>
			<key>path</key>
			<string>en.lproj/MainStoryboard.storyboard</string>
			<key>sourceTree</key>
			<string>&lt;group&gt;</string>
		</dict>
		<key>1898AE28176576A800834C14</key>
		<dict>
			<key>fileRef</key>
			<string>1898AE26176576A800834C14</string>
			<key>isa</key>
			<string>PBXBuildFile</string>
		</dict>
		<key>1898AE2C176576A800834C14</key>
		<dict>
			<key>buildSettings</key>
			<dict>
				<key>ALWAYS_SEARCH_USER_PATHS</key>
				<string>NO</string>
				<key>CLANG_CXX_LANGUAGE_STANDARD</key>
				<string>gnu++0x</string>
				<key>CLANG_CXX_LIBRARY</key>
				<string>libc++</string>
				<key>CLANG_ENABLE_OBJC_ARC</key>
				<string>YES</string>
				<key>CLANG_WARN_CONSTANT_CONVERSION</key>
				<string>YES</string>
				<key>CLANG_WARN_EMPTY_BODY</key>
				<string>YES</string>
				<key>CLANG_WARN_ENUM_CONVERSION</key>
				<string>YES</string>
				<key>CLANG_WARN_INT_CONVERSION</key>
				<string>YES</string>
				<key>CLANG_WARN__DUPLICATE_METHOD_MATCH</key>
				<string>YES</string>
				<key>CODE_SIGN_IDENTITY[sdk=iphoneos*]</key>
				<string>iPhone Developer</string>
				<key>COPY_PHASE_STRIP</key>
				<string>NO</string>
				<key>GCC_C_LANGUAGE_STANDARD</key>
				<string>gnu99</string>
				<key>GCC_DYNAMIC_NO_PIC</key>
				<string>NO</string>
				<key>GCC_OPTIMIZATION_LEVEL</key>
				<string>0</string>
				<key>GCC_PREPROCESSOR_DEFINITIONS</key>
				<array>
					<string>DEBUG=1</string>
					<string>$(inherited)</string>
				</array>
				<key>GCC_SYMBOLS_PRIVATE_EXTERN</key>
				<string>NO</string>
				<key>GCC_WARN_ABOUT_RETURN_TYPE</key>
				<string>YES</string>
				<key>GCC_WARN_UNINITIALIZED_AUTOS</key>
				<string>YES</string>
				<key>GCC_WARN_UNUSED_VARIABLE</key>
				<string>YES</string>
				<key>IPHONEOS_DEPLOYMENT_TARGET</key>
				<string>6.1</string>
				<key>ONLY_ACTIVE_ARCH</key>
				<string>YES</string>
				<key>SDKROOT</key>
				<string>iphoneos</string>
			</dict>
			<key>isa</key>
			<string>XCBuildConfiguration</string>
			<key>name</key>
			<string>Debug</string>
		</dict>
		<key>1898AE2D176576A800834C14</key>
		<dict>
			<key>buildSettings</key>
			<dict>
				<key>ALWAYS_SEARCH_USER_PATHS</key>
				<string>NO</string>
				<key>CLANG_CXX_LANGUAGE_STANDARD</key>
				<string>gnu++0x</string>
				<key>CLANG_CXX_LIBRARY</key>
				<string>libc++</string>
				<key>CLANG_ENABLE_OBJC_ARC</key>
				<string>YES</string>
				<key>CLANG_WARN_CONSTANT_CONVERSION</key>
				<string>YES</string>
				<key>CLANG_WARN_EMPTY_BODY</key>
				<string>YES</string>
				<key>CLANG_WARN_ENUM_CONVERSION</key>
				<string>YES</string>
				<key>CLANG_WARN_INT_CONVERSION</key>
				<string>YES</string>
				<key>CLANG_WARN__DUPLICATE_METHOD_MATCH</key>
				<string>YES</string>
				<key>CODE_SIGN_IDENTITY[sdk=iphoneos*]</key>
				<string>iPhone Developer</string>
				<key>COPY_PHASE_STRIP</key>
				<string>YES</string>
				<key>GCC_C_LANGUAGE_STANDARD</key>
				<string>gnu99</string>
				<key>GCC_WARN_ABOUT_RETURN_TYPE</key>
				<string>YES</string>
				<key>GCC_WARN_UNINITIALIZED_AUTOS</key>
				<string>YES</string>
				<key>GCC_WARN_UNUSED_VARIABLE</key>
				<string>YES</string>
				<key>IPHONEOS_DEPLOYMENT_TARGET</key>
				<string>6.1</string>
				<key>OTHER_CFLAGS</key>
				<string>-DNS_BLOCK_ASSERTIONS=1</string>
				<key>SDKROOT</key>
				<string>iphoneos</string>
				<key>VALIDATE_PRODUCT</key>
				<string>YES</string>
			</dict>
			<key>isa</key>
			<string>XCBuildConfiguration</string>
			<key>name</key>
			<string>Release</string>
		</dict>
		<key>1898AE2E176576A800834C14</key>
		<dict>
			<key>buildConfigurations</key>
			<array>
				<string>1898AE2F176576A800834C14</string>
				<string>1898AE30176576A800834C14</string>
			</array>
			<key>defaultConfigurationIsVisible</key>
			<string>0</string>
			<key>isa</key>
			<string>XCConfigurationList</string>
		</dict>
		<key>1898AE2F176576A800834C14</key>
		<dict>
			<key>baseConfigurationReference</key>
			<string>DDD019BCBFD54E12982528A0</string>
			<key>buildSettings</key>
			<dict>
				<key>GCC_PRECOMPILE_PREFIX_HEADER</key>
				<string>YES</string>
				<key>GCC_PREFIX_HEADER</key>
				<string>TestCollectionView/InstaCall-Prefix.pch</string>
				<key>INFOPLIST_FILE</key>
				<string>TestCollectionView/InstaCall-Info.plist</string>
				<key>PRODUCT_NAME</key>
				<string>$(TARGET_NAME)</string>
				<key>WRAPPER_EXTENSION</key>
				<string>app</string>
			</dict>
			<key>isa</key>
			<string>XCBuildConfiguration</string>
			<key>name</key>
			<string>Debug</string>
		</dict>
		<key>1898AE30176576A800834C14</key>
		<dict>
			<key>baseConfigurationReference</key>
			<string>DDD019BCBFD54E12982528A0</string>
			<key>buildSettings</key>
			<dict>
				<key>GCC_PRECOMPILE_PREFIX_HEADER</key>
				<string>YES</string>
				<key>GCC_PREFIX_HEADER</key>
				<string>TestCollectionView/InstaCall-Prefix.pch</string>
				<key>INFOPLIST_FILE</key>
				<string>TestCollectionView/InstaCall-Info.plist</string>
				<key>PRODUCT_NAME</key>
				<string>$(TARGET_NAME)</string>
				<key>WRAPPER_EXTENSION</key>
				<string>app</string>
			</dict>
			<key>isa</key>
			<string>XCBuildConfiguration</string>
			<key>name</key>
			<string>Release</string>
		</dict>
		<key>1898AE31176577CE00834C14</key>
		<dict>
			<key>fileEncoding</key>
			<string>4</string>
			<key>isa</key>
			<string>PBXFileReference</string>
			<key>lastKnownFileType</key>
			<string>sourcecode.c.h</string>
			<key>path</key>
			<string>MyFavoriteViewController.h</string>
			<key>sourceTree</key>
			<string>&lt;group&gt;</string>
		</dict>
		<key>1898AE32176577CE00834C14</key>
		<dict>
			<key>fileEncoding</key>
			<string>4</string>
			<key>isa</key>
			<string>PBXFileReference</string>
			<key>lastKnownFileType</key>
			<string>sourcecode.c.objc</string>
			<key>path</key>
			<string>MyFavoriteViewController.m</string>
			<key>sourceTree</key>
			<string>&lt;group&gt;</string>
		</dict>
		<key>1898AE33176577CE00834C14</key>
		<dict>
			<key>fileRef</key>
			<string>1898AE32176577CE00834C14</string>
			<key>isa</key>
			<string>PBXBuildFile</string>
		</dict>
		<key>1898AE3417658CED00834C14</key>
		<dict>
			<key>isa</key>
			<string>PBXFileReference</string>
			<key>lastKnownFileType</key>
			<string>wrapper.framework</string>
			<key>name</key>
			<string>AddressBookUI.framework</string>
			<key>path</key>
			<string>System/Library/Frameworks/AddressBookUI.framework</string>
			<key>sourceTree</key>
			<string>SDKROOT</string>
		</dict>
		<key>1898AE3517658CED00834C14</key>
		<dict>
			<key>fileRef</key>
			<string>1898AE3417658CED00834C14</string>
			<key>isa</key>
			<string>PBXBuildFile</string>
		</dict>
		<key>1898AE3617658CF500834C14</key>
		<dict>
			<key>isa</key>
			<string>PBXFileReference</string>
			<key>lastKnownFileType</key>
			<string>wrapper.framework</string>
			<key>name</key>
			<string>AddressBook.framework</string>
			<key>path</key>
			<string>System/Library/Frameworks/AddressBook.framework</string>
			<key>sourceTree</key>
			<string>SDKROOT</string>
		</dict>
		<key>1898AE3717658CF500834C14</key>
		<dict>
			<key>fileRef</key>
			<string>1898AE3617658CF500834C14</string>
			<key>isa</key>
			<string>PBXBuildFile</string>
		</dict>
		<key>1898AE381765ADAB00834C14</key>
		<dict>
			<key>isa</key>
			<string>PBXFileReference</string>
			<key>lastKnownFileType</key>
			<string>image.png</string>
			<key>path</key>
			<string>delete.png</string>
			<key>sourceTree</key>
			<string>&lt;group&gt;</string>
		</dict>
		<key>1898AE391765ADAB00834C14</key>
		<dict>
			<key>fileRef</key>
			<string>1898AE381765ADAB00834C14</string>
			<key>isa</key>
			<string>PBXBuildFile</string>
		</dict>
		<key>38428C9126A34E3593D1F616</key>
		<dict>
			<key>fileRef</key>
			<string>93DA812BD6074D8D835CD20E</string>
			<key>isa</key>
			<string>PBXBuildFile</string>
			<key>settings</key>
			<dict/>
		</dict>
		<key>93DA812BD6074D8D835CD20E</key>
		<dict>
			<key>explicitFileType</key>
			<string>archive.ar</string>
			<key>includeInIndex</key>
			<string>0</string>
			<key>isa</key>
			<string>PBXFileReference</string>
			<key>name</key>
			<string>libPods.a</string>
			<key>path</key>
			<string>libPods.a</string>
			<key>sourceTree</key>
			<string>BUILT_PRODUCTS_DIR</string>
		</dict>
		<key>BF69CDB2D8B84644BBDF3AB9</key>
		<dict>
			<key>buildActionMask</key>
			<string>2147483647</string>
			<key>files</key>
			<array/>
			<key>inputPaths</key>
			<array/>
			<key>isa</key>
			<string>PBXShellScriptBuildPhase</string>
			<key>name</key>
			<string>Check Pods Manifest.lock</string>
			<key>outputPaths</key>
			<array/>
			<key>runOnlyForDeploymentPostprocessing</key>
			<string>0</string>
			<key>shellPath</key>
			<string>/bin/sh</string>
			<key>shellScript</key>
			<string>diff "${PODS_ROOT}/../Podfile.lock" "${PODS_ROOT}/Manifest.lock" &gt; /dev/null
if [[ $? != 0 ]] ; then
    cat &lt;&lt; EOM
error: The sandbox is not in sync with the Podfile.lock. Run 'pod install' or update your CocoaPods installation.
EOM
    exit 1
fi
</string>
			<key>showEnvVarsInLog</key>
			<string>1</string>
		</dict>
		<key>CC6720D5EB7C40D28433A5A9</key>
		<dict>
			<key>buildActionMask</key>
			<string>2147483647</string>
			<key>files</key>
			<array/>
			<key>inputPaths</key>
			<array/>
			<key>isa</key>
			<string>PBXShellScriptBuildPhase</string>
			<key>name</key>
			<string>Copy Pods Resources</string>
			<key>outputPaths</key>
			<array/>
			<key>runOnlyForDeploymentPostprocessing</key>
			<string>0</string>
			<key>shellPath</key>
			<string>/bin/sh</string>
			<key>shellScript</key>
			<string>"${SRCROOT}/Pods/Pods-resources.sh"
</string>
			<key>showEnvVarsInLog</key>
			<string>1</string>
		</dict>
		<key>DDD019BCBFD54E12982528A0</key>
		<dict>
			<key>includeInIndex</key>
			<string>1</string>
			<key>isa</key>
			<string>PBXFileReference</string>
			<key>lastKnownFileType</key>
			<string>text.xcconfig</string>
			<key>name</key>
			<string>Pods.xcconfig</string>
			<key>path</key>
			<string>Pods/Pods.xcconfig</string>
			<key>sourceTree</key>
			<string>SOURCE_ROOT</string>
		</dict>
	</dict>
	<key>rootObject</key>
	<string>1898AE03176576A800834C14</string>
</dict>
</plist>
